
Microsoft Visual Studio Solution File, Format Version 12.00
# Visual Studio Version 17
VisualStudioVersion = 17.8.34309.116
MinimumVisualStudioVersion = 10.0.40219.1
Project("{8BC9CEB8-8B4A-11D0-8D11-00A0C91BC942}") = "Точный учёт", "Точный учёт\Точный учёт.vcxproj", "{81509DCD-851C-4966-A397-1CE2395680C7}"
EndProject
Global
	GlobalSection(SolutionConfigurationPlatforms) = preSolution
		Debug|x64 = Debug|x64
		Debug|x86 = Debug|x86
		Release|x64 = Release|x64
		Release|x86 = Release|x86
	EndGlobalSection
	GlobalSection(ProjectConfigurationPlatforms) = postSolution
		{81509DCD-851C-4966-A397-1CE2395680C7}.Debug|x64.ActiveCfg = Debug|x64
		{81509DCD-851C-4966-A397-1CE2395680C7}.Debug|x64.Build.0 = Debug|x64
		{81509DCD-851C-4966-A397-1CE2395680C7}.Debug|x86.ActiveCfg = Debug|Win32
		{81509DCD-851C-4966-A397-1CE2395680C7}.Debug|x86.Build.0 = Debug|Win32
		{81509DCD-851C-4966-A397-1CE2395680C7}.Release|x64.ActiveCfg = Release|x64
		{81509DCD-851C-4966-A397-1CE2395680C7}.Release|x64.Build.0 = Release|x64
		{81509DCD-851C-4966-A397-1CE2395680C7}.Release|x86.ActiveCfg = Release|Win32
		{81509DCD-851C-4966-A397-1CE2395680C7}.Release|x86.Build.0 = Release|Win32
	EndGlobalSection
	GlobalSection(SolutionProperties) = preSolution
		HideSolutionNode = FALSE
	EndGlobalSection
	GlobalSection(ExtensibilityGlobals) = postSolution
		SolutionGuid = {7E05E8F9-CDFB-492F-BF31-1F31DFE37007}
	EndGlobalSection
EndGlobal
